<Solution>
  <Project Path="Unity.VisualEffectGraph.Editor.csproj" />
  <Project Path="Assembly-CSharp.csproj" />
  <Project Path="MalbersAnimations.csproj" />
  <Project Path="Gilzoide.SqliteNet.csproj" />
  <Project Path="SidekickCharacters.csproj" />
  <Project Path="Firebase.App.Internal.csproj" />
  <Project Path="MalbersAnimations.Editor.csproj" />
  <Project Path="Assembly-CSharp-Editor.csproj" />
  <Project Path="Unity.VisualEffectGraph.Runtime.csproj" />
  <Project Path="HighlightPlus.Demo.csproj" />
  <Project Path="Timeline.Samples.Text.csproj" />
  <Project Path="HighlightPlus.Runtime.csproj" />
  <Project Path="Gilzoide.SqliteNet.Tests.Editor.csproj" />
  <Project Path="Timeline.Samples.TimeDilation.csproj" />
  <Project Path="Timeline.Samples.Utilities.csproj" />
  <Project Path="HighlightPlus.Editor.csproj" />
  <Project Path="Timeline.Samples.Annotation.Editor.csproj" />
  <Project Path="Timeline.Samples.Video.Editor.csproj" />
  <Project Path="SidekickCharacters.Editor.csproj" />
  <Project Path="Unity.VisualEffectGraph.Runtime.Tests.csproj" />
  <Project Path="Timeline.Samples.Tween.csproj" />
  <Project Path="Unity.VisualEffectGraph.Editor.Tests.csproj" />
  <Project Path="Timeline.Samples.Tween.Editor.csproj" />
  <Project Path="Timeline.Samples.Video.csproj" />
  <Project Path="Timeline.Samples.Utilities.Editor.csproj" />
  <Project Path="Timeline.Samples.Text.Editor.csproj" />
  <Project Path="Timeline.Samples.Annotation.csproj" />
</Solution>
